
Microsoft Visual Studio Solution File, Format Version 12.00
# Visual Studio Version 17
VisualStudioVersion = 17.2.32630.192
MinimumVisualStudioVersion = 10.0.40219.1
Project("{9A19103F-16F7-4668-BE54-9A1E7A4F7556}") = "R5T.T0153.Construction", "R5T.T0153.Construction\R5T.T0153.Construction.csproj", "{EF7B5D79-C0D3-414C-B212-F59C6AA4AC0F}"
EndProject
Project("{9A19103F-16F7-4668-BE54-9A1E7A4F7556}") = "R5T.T0153", "R5T.T0153\R5T.T0153.csproj", "{E3DE5D53-C706-4935-A31B-DAA272A14E57}"
EndProject
Project("{2150E333-8FDC-42A3-9474-1A3956D46DE8}") = "_Dependencies", "_Dependencies", "{6F903D43-7FDE-48C5-8A40-9DEA397211AB}"
EndProject
Project("{9A19103F-16F7-4668-BE54-9A1E7A4F7556}") = "R5T.T0142", "..\..\R5T.T0142\source\R5T.T0142\R5T.T0142.csproj", "{EB3D8105-F16E-482B-A8D9-D12EC6549263}"
EndProject
Project("{9A19103F-16F7-4668-BE54-9A1E7A4F7556}") = "R5T.T0153.Z001", "R5T.T0153.Z001\R5T.T0153.Z001.csproj", "{380F227A-FA1B-4769-B944-BAE93C787E32}"
EndProject
Project("{9A19103F-16F7-4668-BE54-9A1E7A4F7556}") = "R5T.T0131", "..\..\R5T.T0131\source\R5T.T0131\R5T.T0131.csproj", "{2291DE46-D0FB-487E-90D6-776B1843E6B2}"
EndProject
Project("{9A19103F-16F7-4668-BE54-9A1E7A4F7556}") = "R5T.Z0023", "..\..\R5T.Z0023\source\R5T.Z0023\R5T.Z0023.csproj", "{59694017-142E-4C6D-A82E-D1B95BFCC2A4}"
EndProject
Project("{9A19103F-16F7-4668-BE54-9A1E7A4F7556}") = "R5T.T0132", "..\..\R5T.T0132\source\R5T.T0132\R5T.T0132.csproj", "{2CE5FAFC-79D3-4A98-8283-92D07A49904F}"
EndProject
Project("{9A19103F-16F7-4668-BE54-9A1E7A4F7556}") = "R5T.T0143", "..\..\R5T.T0143\source\R5T.T0143\R5T.T0143.csproj", "{9991D41F-84B9-4863-B743-896094616BE0}"
EndProject
Global
	GlobalSection(NestedProjects) = preSolution
		{EB3D8105-F16E-482B-A8D9-D12EC6549263} = {6F903D43-7FDE-48C5-8A40-9DEA397211AB}
		{2291DE46-D0FB-487E-90D6-776B1843E6B2} = {6F903D43-7FDE-48C5-8A40-9DEA397211AB}
		{59694017-142E-4C6D-A82E-D1B95BFCC2A4} = {6F903D43-7FDE-48C5-8A40-9DEA397211AB}
		{2CE5FAFC-79D3-4A98-8283-92D07A49904F} = {6F903D43-7FDE-48C5-8A40-9DEA397211AB}
		{9991D41F-84B9-4863-B743-896094616BE0} = {6F903D43-7FDE-48C5-8A40-9DEA397211AB}
	EndGlobalSection
	GlobalSection(SolutionConfigurationPlatforms) = preSolution
		Debug|Any CPU = Debug|Any CPU
		Release|Any CPU = Release|Any CPU
	EndGlobalSection
	GlobalSection(ProjectConfigurationPlatforms) = postSolution
		{EF7B5D79-C0D3-414C-B212-F59C6AA4AC0F}.Debug|Any CPU.ActiveCfg = Debug|Any CPU
		{EF7B5D79-C0D3-414C-B212-F59C6AA4AC0F}.Debug|Any CPU.Build.0 = Debug|Any CPU
		{EF7B5D79-C0D3-414C-B212-F59C6AA4AC0F}.Release|Any CPU.ActiveCfg = Release|Any CPU
		{EF7B5D79-C0D3-414C-B212-F59C6AA4AC0F}.Release|Any CPU.Build.0 = Release|Any CPU
		{E3DE5D53-C706-4935-A31B-DAA272A14E57}.Debug|Any CPU.ActiveCfg = Debug|Any CPU
		{E3DE5D53-C706-4935-A31B-DAA272A14E57}.Debug|Any CPU.Build.0 = Debug|Any CPU
		{E3DE5D53-C706-4935-A31B-DAA272A14E57}.Release|Any CPU.ActiveCfg = Release|Any CPU
		{E3DE5D53-C706-4935-A31B-DAA272A14E57}.Release|Any CPU.Build.0 = Release|Any CPU
		{EB3D8105-F16E-482B-A8D9-D12EC6549263}.Debug|Any CPU.ActiveCfg = Debug|Any CPU
		{EB3D8105-F16E-482B-A8D9-D12EC6549263}.Debug|Any CPU.Build.0 = Debug|Any CPU
		{EB3D8105-F16E-482B-A8D9-D12EC6549263}.Release|Any CPU.ActiveCfg = Release|Any CPU
		{EB3D8105-F16E-482B-A8D9-D12EC6549263}.Release|Any CPU.Build.0 = Release|Any CPU
		{380F227A-FA1B-4769-B944-BAE93C787E32}.Debug|Any CPU.ActiveCfg = Debug|Any CPU
		{380F227A-FA1B-4769-B944-BAE93C787E32}.Debug|Any CPU.Build.0 = Debug|Any CPU
		{380F227A-FA1B-4769-B944-BAE93C787E32}.Release|Any CPU.ActiveCfg = Release|Any CPU
		{380F227A-FA1B-4769-B944-BAE93C787E32}.Release|Any CPU.Build.0 = Release|Any CPU
		{2291DE46-D0FB-487E-90D6-776B1843E6B2}.Debug|Any CPU.ActiveCfg = Debug|Any CPU
		{2291DE46-D0FB-487E-90D6-776B1843E6B2}.Debug|Any CPU.Build.0 = Debug|Any CPU
		{2291DE46-D0FB-487E-90D6-776B1843E6B2}.Release|Any CPU.ActiveCfg = Release|Any CPU
		{2291DE46-D0FB-487E-90D6-776B1843E6B2}.Release|Any CPU.Build.0 = Release|Any CPU
		{59694017-142E-4C6D-A82E-D1B95BFCC2A4}.Debug|Any CPU.ActiveCfg = Debug|Any CPU
		{59694017-142E-4C6D-A82E-D1B95BFCC2A4}.Debug|Any CPU.Build.0 = Debug|Any CPU
		{59694017-142E-4C6D-A82E-D1B95BFCC2A4}.Release|Any CPU.ActiveCfg = Release|Any CPU
		{59694017-142E-4C6D-A82E-D1B95BFCC2A4}.Release|Any CPU.Build.0 = Release|Any CPU
		{2CE5FAFC-79D3-4A98-8283-92D07A49904F}.Debug|Any CPU.ActiveCfg = Debug|Any CPU
		{2CE5FAFC-79D3-4A98-8283-92D07A49904F}.Debug|Any CPU.Build.0 = Debug|Any CPU
		{2CE5FAFC-79D3-4A98-8283-92D07A49904F}.Release|Any CPU.ActiveCfg = Release|Any CPU
		{2CE5FAFC-79D3-4A98-8283-92D07A49904F}.Release|Any CPU.Build.0 = Release|Any CPU
		{9991D41F-84B9-4863-B743-896094616BE0}.Debug|Any CPU.ActiveCfg = Debug|Any CPU
		{9991D41F-84B9-4863-B743-896094616BE0}.Debug|Any CPU.Build.0 = Debug|Any CPU
		{9991D41F-84B9-4863-B743-896094616BE0}.Release|Any CPU.ActiveCfg = Release|Any CPU
		{9991D41F-84B9-4863-B743-896094616BE0}.Release|Any CPU.Build.0 = Release|Any CPU
	EndGlobalSection
	GlobalSection(SolutionProperties) = preSolution
		HideSolutionNode = FALSE
	EndGlobalSection
	GlobalSection(ExtensibilityGlobals) = postSolution
		SolutionGuid = {224065DC-687C-4877-B156-692A4C52077C}
	EndGlobalSection
EndGlobal
